// !$*UTF8*$!
{
	archiveVersion = 1;
	classes = {
	};
	objectVersion = 46;
	objects = {

/* Begin PBXBuildFile section */
		172B6C4F1B5EAC1700D2E9D2 /* HybridAPI+View.swift in Sources */ = {isa = PBXBuildFile; fileRef = 172B6C4E1B5EAC1700D2E9D2 /* HybridAPI+View.swift */; };
		172F077E1B4C67A100C96ABF /* Util.swift in Sources */ = {isa = PBXBuildFile; fileRef = 172F077D1B4C67A100C96ABF /* Util.swift */; };
		173E4E5E1B00FDAD00ACBCCA /* THGHybridWeb.h in Headers */ = {isa = PBXBuildFile; fileRef = 173E4E5D1B00FDAD00ACBCCA /* THGHybridWeb.h */; settings = {ATTRIBUTES = (Public, ); }; };
		174CA6C51B20804400A80074 /* NavigationBar.swift in Sources */ = {isa = PBXBuildFile; fileRef = 174CA6C41B20804400A80074 /* NavigationBar.swift */; };
		17711C0E1B20FDFB0043B71E /* BarButton.swift in Sources */ = {isa = PBXBuildFile; fileRef = 17711C0D1B20FDFB0043B71E /* BarButton.swift */; };
		177E5D901B00FE1A006BCBE2 /* HybridAPI+Dialog.swift in Sources */ = {isa = PBXBuildFile; fileRef = 177E5D861B00FE1A006BCBE2 /* HybridAPI+Dialog.swift */; };
		177E5D911B00FE1A006BCBE2 /* HybridAPI+Logging.swift in Sources */ = {isa = PBXBuildFile; fileRef = 177E5D871B00FE1A006BCBE2 /* HybridAPI+Logging.swift */; };
		177E5D931B00FE1A006BCBE2 /* HybridAPI+Share.swift in Sources */ = {isa = PBXBuildFile; fileRef = 177E5D891B00FE1A006BCBE2 /* HybridAPI+Share.swift */; };
		177E5D941B00FE1A006BCBE2 /* HybridAPI.swift in Sources */ = {isa = PBXBuildFile; fileRef = 177E5D8A1B00FE1A006BCBE2 /* HybridAPI.swift */; };
		177E5D951B00FE1A006BCBE2 /* JSValue+HybridAPI.swift in Sources */ = {isa = PBXBuildFile; fileRef = 177E5D8B1B00FE1A006BCBE2 /* JSValue+HybridAPI.swift */; };
		177E5D961B00FE1A006BCBE2 /* Navigation.swift in Sources */ = {isa = PBXBuildFile; fileRef = 177E5D8C1B00FE1A006BCBE2 /* Navigation.swift */; };
		177E5D971B00FE1A006BCBE2 /* ViewControllerChild.swift in Sources */ = {isa = PBXBuildFile; fileRef = 177E5D8E1B00FE1A006BCBE2 /* ViewControllerChild.swift */; };
		177E5D981B00FE1A006BCBE2 /* WebViewController.swift in Sources */ = {isa = PBXBuildFile; fileRef = 177E5D8F1B00FE1A006BCBE2 /* WebViewController.swift */; };
		177E5DFE1B01444C006BCBE2 /* HybridAPITests.swift in Sources */ = {isa = PBXBuildFile; fileRef = 177E5DFC1B01444C006BCBE2 /* HybridAPITests.swift */; };
		178412271B16762D00EECF8B /* WebViewControllerDelegateTests.swift in Sources */ = {isa = PBXBuildFile; fileRef = 178412261B16762D00EECF8B /* WebViewControllerDelegateTests.swift */; };
		178822E91B4D4BFC00B5548D /* NavigationBarTests.swift in Sources */ = {isa = PBXBuildFile; fileRef = 178822E81B4D4BFC00B5548D /* NavigationBarTests.swift */; };
		17BEBCA01B2F60B100B0FB3E /* Navigation+Modal.swift in Sources */ = {isa = PBXBuildFile; fileRef = 17BEBC9F1B2F60B100B0FB3E /* Navigation+Modal.swift */; };
		17C479331B4C612200F01703 /* DialogOptions.swift in Sources */ = {isa = PBXBuildFile; fileRef = 17C479321B4C612200F01703 /* DialogOptions.swift */; };
		17E076E31B024AC4008F89EC /* UIWebView+JavaScriptContext.swift in Sources */ = {isa = PBXBuildFile; fileRef = 17E076E21B024AC4008F89EC /* UIWebView+JavaScriptContext.swift */; };
		17E076EA1B025AA2008F89EC /* WebViewControllerTests.swift in Sources */ = {isa = PBXBuildFile; fileRef = 17E076E91B025AA2008F89EC /* WebViewControllerTests.swift */; };
		17FA96741B5D4954000B4754 /* HybridAPIInfo.swift in Sources */ = {isa = PBXBuildFile; fileRef = 17FA96731B5D4954000B4754 /* HybridAPIInfo.swift */; };
		CA85AA4E1B3B280B0000FEEF /* THGBridge.framework in Frameworks */ = {isa = PBXBuildFile; fileRef = CA85AA491B3B27FF0000FEEF /* THGBridge.framework */; };
		CA85AA4F1B3B280B0000FEEF /* THGFoundation.framework in Frameworks */ = {isa = PBXBuildFile; fileRef = CA85AA2F1B3B27EF0000FEEF /* THGFoundation.framework */; };
/* End PBXBuildFile section */

/* Begin PBXContainerItemProxy section */
		173E4E651B00FDAE00ACBCCA /* PBXContainerItemProxy */ = {
			isa = PBXContainerItemProxy;
			containerPortal = 173E4E4F1B00FDAD00ACBCCA /* Project object */;
			proxyType = 1;
			remoteGlobalIDString = 173E4E571B00FDAD00ACBCCA;
			remoteInfo = THGHybridWeb;
		};
		17AB907D1B4186DD002BCA0F /* PBXContainerItemProxy */ = {
			isa = PBXContainerItemProxy;
			containerPortal = 17AB90771B4186DD002BCA0F /* THGLog.xcodeproj */;
			proxyType = 2;
			remoteGlobalIDString = CA8D47BB1AAE6FF50028B74D;
			remoteInfo = THGLog;
		};
		17AB907F1B4186DD002BCA0F /* PBXContainerItemProxy */ = {
			isa = PBXContainerItemProxy;
			containerPortal = 17AB90771B4186DD002BCA0F /* THGLog.xcodeproj */;
			proxyType = 2;
			remoteGlobalIDString = CA8D47C61AAE6FF50028B74D;
			remoteInfo = THGLogTests;
		};
		17AB90811B4186DD002BCA0F /* PBXContainerItemProxy */ = {
			isa = PBXContainerItemProxy;
			containerPortal = 17AB90771B4186DD002BCA0F /* THGLog.xcodeproj */;
			proxyType = 2;
			remoteGlobalIDString = CA2410631AF966F600AA4410;
			remoteInfo = THGLog_osx;
		};
		CA85AA2E1B3B27EF0000FEEF /* PBXContainerItemProxy */ = {
			isa = PBXContainerItemProxy;
			containerPortal = CA85AA281B3B27EF0000FEEF /* THGFoundation.xcodeproj */;
			proxyType = 2;
			remoteGlobalIDString = CACF2A0A1A9614D20084EFAE;
			remoteInfo = THGFoundation;
		};
		CA85AA301B3B27EF0000FEEF /* PBXContainerItemProxy */ = {
			isa = PBXContainerItemProxy;
			containerPortal = CA85AA281B3B27EF0000FEEF /* THGFoundation.xcodeproj */;
			proxyType = 2;
			remoteGlobalIDString = CACF2A151A9614D20084EFAE;
			remoteInfo = THGFoundationTests;
		};
		CA85AA321B3B27EF0000FEEF /* PBXContainerItemProxy */ = {
			isa = PBXContainerItemProxy;
			containerPortal = CA85AA281B3B27EF0000FEEF /* THGFoundation.xcodeproj */;
			proxyType = 2;
			remoteGlobalIDString = CA24104D1AF965B700AA4410;
			remoteInfo = THGFoundation_osx;
		};
		CA85AA481B3B27FF0000FEEF /* PBXContainerItemProxy */ = {
			isa = PBXContainerItemProxy;
			containerPortal = CA85AA401B3B27FF0000FEEF /* THGBridge.xcodeproj */;
			proxyType = 2;
			remoteGlobalIDString = CAC38A9D1AC3130B005A3CE0;
			remoteInfo = THGBridge;
		};
		CA85AA4A1B3B27FF0000FEEF /* PBXContainerItemProxy */ = {
			isa = PBXContainerItemProxy;
			containerPortal = CA85AA401B3B27FF0000FEEF /* THGBridge.xcodeproj */;
			proxyType = 2;
			remoteGlobalIDString = CAC38AA81AC3130B005A3CE0;
			remoteInfo = THGBridgeTests;
		};
		CA85AA4C1B3B27FF0000FEEF /* PBXContainerItemProxy */ = {
			isa = PBXContainerItemProxy;
			containerPortal = CA85AA401B3B27FF0000FEEF /* THGBridge.xcodeproj */;
			proxyType = 2;
			remoteGlobalIDString = CA24107F1AF9692000AA4410;
			remoteInfo = THGBridge_osx;
		};
		CA85AA511B3B28150000FEEF /* PBXContainerItemProxy */ = {
			isa = PBXContainerItemProxy;
			containerPortal = CA85AA401B3B27FF0000FEEF /* THGBridge.xcodeproj */;
			proxyType = 1;
			remoteGlobalIDString = CAC38A9C1AC3130B005A3CE0;
			remoteInfo = THGBridge;
		};
		CA85AA551B3B28150000FEEF /* PBXContainerItemProxy */ = {
			isa = PBXContainerItemProxy;
			containerPortal = CA85AA281B3B27EF0000FEEF /* THGFoundation.xcodeproj */;
			proxyType = 1;
			remoteGlobalIDString = CACF2A091A9614D20084EFAE;
			remoteInfo = THGFoundation;
		};
/* End PBXContainerItemProxy section */

/* Begin PBXCopyFilesBuildPhase section */
		178412201B16721800EECF8B /* CopyFiles */ = {
			isa = PBXCopyFilesBuildPhase;
			buildActionMask = 2147483647;
			dstPath = "";
			dstSubfolderSpec = 10;
			files = (
			);
			runOnlyForDeploymentPostprocessing = 0;
		};
/* End PBXCopyFilesBuildPhase section */

/* Begin PBXFileReference section */
		172B6C4E1B5EAC1700D2E9D2 /* HybridAPI+View.swift */ = {isa = PBXFileReference; fileEncoding = 4; lastKnownFileType = sourcecode.swift; path = "HybridAPI+View.swift"; sourceTree = "<group>"; };
		172F077D1B4C67A100C96ABF /* Util.swift */ = {isa = PBXFileReference; fileEncoding = 4; lastKnownFileType = sourcecode.swift; path = Util.swift; sourceTree = "<group>"; };
		173E4E581B00FDAD00ACBCCA /* THGHybridWeb.framework */ = {isa = PBXFileReference; explicitFileType = wrapper.framework; includeInIndex = 0; path = THGHybridWeb.framework; sourceTree = BUILT_PRODUCTS_DIR; };
		173E4E5C1B00FDAD00ACBCCA /* Info.plist */ = {isa = PBXFileReference; lastKnownFileType = text.plist.xml; path = Info.plist; sourceTree = "<group>"; };
		173E4E5D1B00FDAD00ACBCCA /* THGHybridWeb.h */ = {isa = PBXFileReference; lastKnownFileType = sourcecode.c.h; path = THGHybridWeb.h; sourceTree = "<group>"; };
		173E4E631B00FDAE00ACBCCA /* THGHybridWebTests.xctest */ = {isa = PBXFileReference; explicitFileType = wrapper.cfbundle; includeInIndex = 0; path = THGHybridWebTests.xctest; sourceTree = BUILT_PRODUCTS_DIR; };
		173E4E691B00FDAE00ACBCCA /* Info.plist */ = {isa = PBXFileReference; lastKnownFileType = text.plist.xml; path = Info.plist; sourceTree = "<group>"; };
		174CA6C41B20804400A80074 /* NavigationBar.swift */ = {isa = PBXFileReference; fileEncoding = 4; lastKnownFileType = sourcecode.swift; path = NavigationBar.swift; sourceTree = "<group>"; };
		17711C0D1B20FDFB0043B71E /* BarButton.swift */ = {isa = PBXFileReference; fileEncoding = 4; lastKnownFileType = sourcecode.swift; path = BarButton.swift; sourceTree = "<group>"; };
		177E5D861B00FE1A006BCBE2 /* HybridAPI+Dialog.swift */ = {isa = PBXFileReference; fileEncoding = 4; lastKnownFileType = sourcecode.swift; path = "HybridAPI+Dialog.swift"; sourceTree = "<group>"; };
		177E5D871B00FE1A006BCBE2 /* HybridAPI+Logging.swift */ = {isa = PBXFileReference; fileEncoding = 4; lastKnownFileType = sourcecode.swift; path = "HybridAPI+Logging.swift"; sourceTree = "<group>"; };
		177E5D891B00FE1A006BCBE2 /* HybridAPI+Share.swift */ = {isa = PBXFileReference; fileEncoding = 4; lastKnownFileType = sourcecode.swift; path = "HybridAPI+Share.swift"; sourceTree = "<group>"; };
		177E5D8A1B00FE1A006BCBE2 /* HybridAPI.swift */ = {isa = PBXFileReference; fileEncoding = 4; lastKnownFileType = sourcecode.swift; path = HybridAPI.swift; sourceTree = "<group>"; };
		177E5D8B1B00FE1A006BCBE2 /* JSValue+HybridAPI.swift */ = {isa = PBXFileReference; fileEncoding = 4; lastKnownFileType = sourcecode.swift; path = "JSValue+HybridAPI.swift"; sourceTree = "<group>"; };
		177E5D8C1B00FE1A006BCBE2 /* Navigation.swift */ = {isa = PBXFileReference; fileEncoding = 4; lastKnownFileType = sourcecode.swift; path = Navigation.swift; sourceTree = "<group>"; };
		177E5D8E1B00FE1A006BCBE2 /* ViewControllerChild.swift */ = {isa = PBXFileReference; fileEncoding = 4; lastKnownFileType = sourcecode.swift; path = ViewControllerChild.swift; sourceTree = "<group>"; };
		177E5D8F1B00FE1A006BCBE2 /* WebViewController.swift */ = {isa = PBXFileReference; fileEncoding = 4; lastKnownFileType = sourcecode.swift; path = WebViewController.swift; sourceTree = "<group>"; };
		177E5DFC1B01444C006BCBE2 /* HybridAPITests.swift */ = {isa = PBXFileReference; fileEncoding = 4; lastKnownFileType = sourcecode.swift; path = HybridAPITests.swift; sourceTree = "<group>"; };
		178412261B16762D00EECF8B /* WebViewControllerDelegateTests.swift */ = {isa = PBXFileReference; fileEncoding = 4; lastKnownFileType = sourcecode.swift; path = WebViewControllerDelegateTests.swift; sourceTree = "<group>"; };
		178822E81B4D4BFC00B5548D /* NavigationBarTests.swift */ = {isa = PBXFileReference; fileEncoding = 4; lastKnownFileType = sourcecode.swift; path = NavigationBarTests.swift; sourceTree = "<group>"; };
		17AB90771B4186DD002BCA0F /* THGLog.xcodeproj */ = {isa = PBXFileReference; lastKnownFileType = "wrapper.pb-project"; name = THGLog.xcodeproj; path = ../Shrubbery/THGLog.xcodeproj; sourceTree = "<group>"; };
		17BEBC9F1B2F60B100B0FB3E /* Navigation+Modal.swift */ = {isa = PBXFileReference; fileEncoding = 4; lastKnownFileType = sourcecode.swift; path = "Navigation+Modal.swift"; sourceTree = "<group>"; };
		17C479321B4C612200F01703 /* DialogOptions.swift */ = {isa = PBXFileReference; fileEncoding = 4; lastKnownFileType = sourcecode.swift; path = DialogOptions.swift; sourceTree = "<group>"; };
		17E076E21B024AC4008F89EC /* UIWebView+JavaScriptContext.swift */ = {isa = PBXFileReference; fileEncoding = 4; lastKnownFileType = sourcecode.swift; path = "UIWebView+JavaScriptContext.swift"; sourceTree = "<group>"; };
		17E076E91B025AA2008F89EC /* WebViewControllerTests.swift */ = {isa = PBXFileReference; fileEncoding = 4; lastKnownFileType = sourcecode.swift; path = WebViewControllerTests.swift; sourceTree = "<group>"; };
		17FA96731B5D4954000B4754 /* HybridAPIInfo.swift */ = {isa = PBXFileReference; fileEncoding = 4; lastKnownFileType = sourcecode.swift; path = HybridAPIInfo.swift; sourceTree = "<group>"; };
		CA85AA281B3B27EF0000FEEF /* THGFoundation.xcodeproj */ = {isa = PBXFileReference; lastKnownFileType = "wrapper.pb-project"; name = THGFoundation.xcodeproj; path = ../Excalibur/THGFoundation.xcodeproj; sourceTree = "<group>"; };
		CA85AA401B3B27FF0000FEEF /* THGBridge.xcodeproj */ = {isa = PBXFileReference; lastKnownFileType = "wrapper.pb-project"; name = THGBridge.xcodeproj; path = ../BridgeOfDeath/THGBridge.xcodeproj; sourceTree = "<group>"; };
/* End PBXFileReference section */

/* Begin PBXFrameworksBuildPhase section */
		173E4E541B00FDAD00ACBCCA /* Frameworks */ = {
			isa = PBXFrameworksBuildPhase;
			buildActionMask = 2147483647;
			files = (
				CA85AA4E1B3B280B0000FEEF /* THGBridge.framework in Frameworks */,
				CA85AA4F1B3B280B0000FEEF /* THGFoundation.framework in Frameworks */,
			);
			runOnlyForDeploymentPostprocessing = 0;
		};
		173E4E601B00FDAE00ACBCCA /* Frameworks */ = {
			isa = PBXFrameworksBuildPhase;
			buildActionMask = 2147483647;
			files = (
			);
			runOnlyForDeploymentPostprocessing = 0;
		};
/* End PBXFrameworksBuildPhase section */

/* Begin PBXGroup section */
		173E4E4E1B00FDAD00ACBCCA = {
			isa = PBXGroup;
			children = (
				CA85AA271B3B27E20000FEEF /* Modules */,
				173E4E5A1B00FDAD00ACBCCA /* THGHybridWeb */,
				173E4E671B00FDAE00ACBCCA /* THGHybridWebTests */,
				173E4E591B00FDAD00ACBCCA /* Products */,
			);
			sourceTree = "<group>";
		};
		173E4E591B00FDAD00ACBCCA /* Products */ = {
			isa = PBXGroup;
			children = (
				173E4E581B00FDAD00ACBCCA /* THGHybridWeb.framework */,
				173E4E631B00FDAE00ACBCCA /* THGHybridWebTests.xctest */,
			);
			name = Products;
			sourceTree = "<group>";
		};
		173E4E5A1B00FDAD00ACBCCA /* THGHybridWeb */ = {
			isa = PBXGroup;
			children = (
				177E5D841B00FE1A006BCBE2 /* Source */,
				173E4E5D1B00FDAD00ACBCCA /* THGHybridWeb.h */,
				173E4E5B1B00FDAD00ACBCCA /* Supporting Files */,
			);
			path = THGHybridWeb;
			sourceTree = "<group>";
		};
		173E4E5B1B00FDAD00ACBCCA /* Supporting Files */ = {
			isa = PBXGroup;
			children = (
				173E4E5C1B00FDAD00ACBCCA /* Info.plist */,
			);
			name = "Supporting Files";
			sourceTree = "<group>";
		};
		173E4E671B00FDAE00ACBCCA /* THGHybridWebTests */ = {
			isa = PBXGroup;
			children = (
				178412261B16762D00EECF8B /* WebViewControllerDelegateTests.swift */,
				177E5DFC1B01444C006BCBE2 /* HybridAPITests.swift */,
				173E4E681B00FDAE00ACBCCA /* Supporting Files */,
				17E076E91B025AA2008F89EC /* WebViewControllerTests.swift */,
				178822E81B4D4BFC00B5548D /* NavigationBarTests.swift */,
			);
			path = THGHybridWebTests;
			sourceTree = "<group>";
		};
		173E4E681B00FDAE00ACBCCA /* Supporting Files */ = {
			isa = PBXGroup;
			children = (
				173E4E691B00FDAE00ACBCCA /* Info.plist */,
			);
			name = "Supporting Files";
			sourceTree = "<group>";
		};
		177E5D841B00FE1A006BCBE2 /* Source */ = {
			isa = PBXGroup;
			children = (
				177E5D851B00FE1A006BCBE2 /* JS API */,
				177E5D8D1B00FE1A006BCBE2 /* Web View */,
				172F077D1B4C67A100C96ABF /* Util.swift */,
			);
			path = Source;
			sourceTree = SOURCE_ROOT;
		};
		177E5D851B00FE1A006BCBE2 /* JS API */ = {
			isa = PBXGroup;
			children = (
				17711C0D1B20FDFB0043B71E /* BarButton.swift */,
				17C479321B4C612200F01703 /* DialogOptions.swift */,
				177E5D8A1B00FE1A006BCBE2 /* HybridAPI.swift */,
				177E5D861B00FE1A006BCBE2 /* HybridAPI+Dialog.swift */,
				177E5D871B00FE1A006BCBE2 /* HybridAPI+Logging.swift */,
				177E5D891B00FE1A006BCBE2 /* HybridAPI+Share.swift */,
				172B6C4E1B5EAC1700D2E9D2 /* HybridAPI+View.swift */,
				17FA96731B5D4954000B4754 /* HybridAPIInfo.swift */,
				177E5D8B1B00FE1A006BCBE2 /* JSValue+HybridAPI.swift */,
				177E5D8C1B00FE1A006BCBE2 /* Navigation.swift */,
				17BEBC9F1B2F60B100B0FB3E /* Navigation+Modal.swift */,
				174CA6C41B20804400A80074 /* NavigationBar.swift */,
			);
			path = "JS API";
			sourceTree = "<group>";
		};
		177E5D8D1B00FE1A006BCBE2 /* Web View */ = {
			isa = PBXGroup;
			children = (
				177E5D8E1B00FE1A006BCBE2 /* ViewControllerChild.swift */,
				177E5D8F1B00FE1A006BCBE2 /* WebViewController.swift */,
				17E076E21B024AC4008F89EC /* UIWebView+JavaScriptContext.swift */,
			);
			path = "Web View";
			sourceTree = "<group>";
		};
		17AB90781B4186DD002BCA0F /* Products */ = {
			isa = PBXGroup;
			children = (
				17AB907E1B4186DD002BCA0F /* THGLog.framework */,
				17AB90801B4186DD002BCA0F /* THGLogTests.xctest */,
				17AB90821B4186DD002BCA0F /* THGLog.framework */,
			);
			name = Products;
			sourceTree = "<group>";
		};
		CA85AA271B3B27E20000FEEF /* Modules */ = {
			isa = PBXGroup;
			children = (
				17AB90771B4186DD002BCA0F /* THGLog.xcodeproj */,
				CA85AA401B3B27FF0000FEEF /* THGBridge.xcodeproj */,
				CA85AA281B3B27EF0000FEEF /* THGFoundation.xcodeproj */,
			);
			name = Modules;
			sourceTree = "<group>";
		};
		CA85AA291B3B27EF0000FEEF /* Products */ = {
			isa = PBXGroup;
			children = (
				CA85AA2F1B3B27EF0000FEEF /* THGFoundation.framework */,
				CA85AA311B3B27EF0000FEEF /* THGFoundationTests.xctest */,
				CA85AA331B3B27EF0000FEEF /* THGFoundation.framework */,
			);
			name = Products;
			sourceTree = "<group>";
		};
		CA85AA411B3B27FF0000FEEF /* Products */ = {
			isa = PBXGroup;
			children = (
				CA85AA491B3B27FF0000FEEF /* THGBridge.framework */,
				CA85AA4B1B3B27FF0000FEEF /* THGBridgeTests.xctest */,
				CA85AA4D1B3B27FF0000FEEF /* THGBridge.framework */,
			);
			name = Products;
			sourceTree = "<group>";
		};
/* End PBXGroup section */

/* Begin PBXHeadersBuildPhase section */
		173E4E551B00FDAD00ACBCCA /* Headers */ = {
			isa = PBXHeadersBuildPhase;
			buildActionMask = 2147483647;
			files = (
				173E4E5E1B00FDAD00ACBCCA /* THGHybridWeb.h in Headers */,
			);
			runOnlyForDeploymentPostprocessing = 0;
		};
/* End PBXHeadersBuildPhase section */

/* Begin PBXNativeTarget section */
		173E4E571B00FDAD00ACBCCA /* THGHybridWeb */ = {
			isa = PBXNativeTarget;
			buildConfigurationList = 173E4E6E1B00FDAE00ACBCCA /* Build configuration list for PBXNativeTarget "THGHybridWeb" */;
			buildPhases = (
				173E4E531B00FDAD00ACBCCA /* Sources */,
				173E4E541B00FDAD00ACBCCA /* Frameworks */,
				173E4E551B00FDAD00ACBCCA /* Headers */,
				173E4E561B00FDAD00ACBCCA /* Resources */,
			);
			buildRules = (
			);
			dependencies = (
				CA85AA521B3B28150000FEEF /* PBXTargetDependency */,
				CA85AA561B3B28150000FEEF /* PBXTargetDependency */,
			);
			name = THGHybridWeb;
			productName = THGHybridWeb;
			productReference = 173E4E581B00FDAD00ACBCCA /* THGHybridWeb.framework */;
			productType = "com.apple.product-type.framework";
		};
		173E4E621B00FDAE00ACBCCA /* THGHybridWebTests */ = {
			isa = PBXNativeTarget;
			buildConfigurationList = 173E4E711B00FDAE00ACBCCA /* Build configuration list for PBXNativeTarget "THGHybridWebTests" */;
			buildPhases = (
				173E4E5F1B00FDAE00ACBCCA /* Sources */,
				173E4E601B00FDAE00ACBCCA /* Frameworks */,
				173E4E611B00FDAE00ACBCCA /* Resources */,
				178412201B16721800EECF8B /* CopyFiles */,
			);
			buildRules = (
			);
			dependencies = (
				173E4E661B00FDAE00ACBCCA /* PBXTargetDependency */,
			);
			name = THGHybridWebTests;
			productName = THGHybridWebTests;
			productReference = 173E4E631B00FDAE00ACBCCA /* THGHybridWebTests.xctest */;
			productType = "com.apple.product-type.bundle.unit-test";
		};
/* End PBXNativeTarget section */

/* Begin PBXProject section */
		173E4E4F1B00FDAD00ACBCCA /* Project object */ = {
			isa = PBXProject;
			attributes = {
				LastSwiftUpdateCheck = 0700;
				LastUpgradeCheck = 0630;
				ORGANIZATIONNAME = TheHolyGrail;
				TargetAttributes = {
					173E4E571B00FDAD00ACBCCA = {
						CreatedOnToolsVersion = 6.3.1;
					};
					173E4E621B00FDAE00ACBCCA = {
						CreatedOnToolsVersion = 6.3.1;
					};
				};
			};
			buildConfigurationList = 173E4E521B00FDAD00ACBCCA /* Build configuration list for PBXProject "THGHybridWeb" */;
			compatibilityVersion = "Xcode 3.2";
			developmentRegion = English;
			hasScannedForEncodings = 0;
			knownRegions = (
				en,
			);
			mainGroup = 173E4E4E1B00FDAD00ACBCCA;
			productRefGroup = 173E4E591B00FDAD00ACBCCA /* Products */;
			projectDirPath = "";
			projectReferences = (
				{
					ProductGroup = CA85AA411B3B27FF0000FEEF /* Products */;
					ProjectRef = CA85AA401B3B27FF0000FEEF /* THGBridge.xcodeproj */;
				},
				{
					ProductGroup = CA85AA291B3B27EF0000FEEF /* Products */;
					ProjectRef = CA85AA281B3B27EF0000FEEF /* THGFoundation.xcodeproj */;
				},
				{
					ProductGroup = 17AB90781B4186DD002BCA0F /* Products */;
					ProjectRef = 17AB90771B4186DD002BCA0F /* THGLog.xcodeproj */;
				},
			);
			projectRoot = "";
			targets = (
				173E4E571B00FDAD00ACBCCA /* THGHybridWeb */,
				173E4E621B00FDAE00ACBCCA /* THGHybridWebTests */,
			);
		};
/* End PBXProject section */

/* Begin PBXReferenceProxy section */
		17AB907E1B4186DD002BCA0F /* THGLog.framework */ = {
			isa = PBXReferenceProxy;
			fileType = wrapper.framework;
			path = THGLog.framework;
			remoteRef = 17AB907D1B4186DD002BCA0F /* PBXContainerItemProxy */;
			sourceTree = BUILT_PRODUCTS_DIR;
		};
		17AB90801B4186DD002BCA0F /* THGLogTests.xctest */ = {
			isa = PBXReferenceProxy;
			fileType = wrapper.cfbundle;
			path = THGLogTests.xctest;
			remoteRef = 17AB907F1B4186DD002BCA0F /* PBXContainerItemProxy */;
			sourceTree = BUILT_PRODUCTS_DIR;
		};
		17AB90821B4186DD002BCA0F /* THGLog.framework */ = {
			isa = PBXReferenceProxy;
			fileType = wrapper.framework;
			path = THGLog.framework;
			remoteRef = 17AB90811B4186DD002BCA0F /* PBXContainerItemProxy */;
			sourceTree = BUILT_PRODUCTS_DIR;
		};
		CA85AA2F1B3B27EF0000FEEF /* THGFoundation.framework */ = {
			isa = PBXReferenceProxy;
			fileType = wrapper.framework;
			path = THGFoundation.framework;
			remoteRef = CA85AA2E1B3B27EF0000FEEF /* PBXContainerItemProxy */;
			sourceTree = BUILT_PRODUCTS_DIR;
		};
		CA85AA311B3B27EF0000FEEF /* THGFoundationTests.xctest */ = {
			isa = PBXReferenceProxy;
			fileType = wrapper.cfbundle;
			path = THGFoundationTests.xctest;
			remoteRef = CA85AA301B3B27EF0000FEEF /* PBXContainerItemProxy */;
			sourceTree = BUILT_PRODUCTS_DIR;
		};
		CA85AA331B3B27EF0000FEEF /* THGFoundation.framework */ = {
			isa = PBXReferenceProxy;
			fileType = wrapper.framework;
			path = THGFoundation.framework;
			remoteRef = CA85AA321B3B27EF0000FEEF /* PBXContainerItemProxy */;
			sourceTree = BUILT_PRODUCTS_DIR;
		};
		CA85AA491B3B27FF0000FEEF /* THGBridge.framework */ = {
			isa = PBXReferenceProxy;
			fileType = wrapper.framework;
			path = THGBridge.framework;
			remoteRef = CA85AA481B3B27FF0000FEEF /* PBXContainerItemProxy */;
			sourceTree = BUILT_PRODUCTS_DIR;
		};
		CA85AA4B1B3B27FF0000FEEF /* THGBridgeTests.xctest */ = {
			isa = PBXReferenceProxy;
			fileType = wrapper.cfbundle;
			path = THGBridgeTests.xctest;
			remoteRef = CA85AA4A1B3B27FF0000FEEF /* PBXContainerItemProxy */;
			sourceTree = BUILT_PRODUCTS_DIR;
		};
		CA85AA4D1B3B27FF0000FEEF /* THGBridge.framework */ = {
			isa = PBXReferenceProxy;
			fileType = wrapper.framework;
			path = THGBridge.framework;
			remoteRef = CA85AA4C1B3B27FF0000FEEF /* PBXContainerItemProxy */;
			sourceTree = BUILT_PRODUCTS_DIR;
		};
/* End PBXReferenceProxy section */

/* Begin PBXResourcesBuildPhase section */
		173E4E561B00FDAD00ACBCCA /* Resources */ = {
			isa = PBXResourcesBuildPhase;
			buildActionMask = 2147483647;
			files = (
			);
			runOnlyForDeploymentPostprocessing = 0;
		};
		173E4E611B00FDAE00ACBCCA /* Resources */ = {
			isa = PBXResourcesBuildPhase;
			buildActionMask = 2147483647;
			files = (
			);
			runOnlyForDeploymentPostprocessing = 0;
		};
/* End PBXResourcesBuildPhase section */

/* Begin PBXSourcesBuildPhase section */
		173E4E531B00FDAD00ACBCCA /* Sources */ = {
			isa = PBXSourcesBuildPhase;
			buildActionMask = 2147483647;
			files = (
				177E5D911B00FE1A006BCBE2 /* HybridAPI+Logging.swift in Sources */,
				172B6C4F1B5EAC1700D2E9D2 /* HybridAPI+View.swift in Sources */,
				177E5D981B00FE1A006BCBE2 /* WebViewController.swift in Sources */,
				17C479331B4C612200F01703 /* DialogOptions.swift in Sources */,
				17711C0E1B20FDFB0043B71E /* BarButton.swift in Sources */,
				177E5D961B00FE1A006BCBE2 /* Navigation.swift in Sources */,
				177E5D941B00FE1A006BCBE2 /* HybridAPI.swift in Sources */,
				174CA6C51B20804400A80074 /* NavigationBar.swift in Sources */,
				17FA96741B5D4954000B4754 /* HybridAPIInfo.swift in Sources */,
				177E5D931B00FE1A006BCBE2 /* HybridAPI+Share.swift in Sources */,
				177E5D901B00FE1A006BCBE2 /* HybridAPI+Dialog.swift in Sources */,
				177E5D951B00FE1A006BCBE2 /* JSValue+HybridAPI.swift in Sources */,
				17BEBCA01B2F60B100B0FB3E /* Navigation+Modal.swift in Sources */,
				172F077E1B4C67A100C96ABF /* Util.swift in Sources */,
				17E076E31B024AC4008F89EC /* UIWebView+JavaScriptContext.swift in Sources */,
				177E5D971B00FE1A006BCBE2 /* ViewControllerChild.swift in Sources */,
			);
			runOnlyForDeploymentPostprocessing = 0;
		};
		173E4E5F1B00FDAE00ACBCCA /* Sources */ = {
			isa = PBXSourcesBuildPhase;
			buildActionMask = 2147483647;
			files = (
				178412271B16762D00EECF8B /* WebViewControllerDelegateTests.swift in Sources */,
				177E5DFE1B01444C006BCBE2 /* HybridAPITests.swift in Sources */,
				17E076EA1B025AA2008F89EC /* WebViewControllerTests.swift in Sources */,
				178822E91B4D4BFC00B5548D /* NavigationBarTests.swift in Sources */,
			);
			runOnlyForDeploymentPostprocessing = 0;
		};
/* End PBXSourcesBuildPhase section */

/* Begin PBXTargetDependency section */
		173E4E661B00FDAE00ACBCCA /* PBXTargetDependency */ = {
			isa = PBXTargetDependency;
			target = 173E4E571B00FDAD00ACBCCA /* THGHybridWeb */;
			targetProxy = 173E4E651B00FDAE00ACBCCA /* PBXContainerItemProxy */;
		};
		CA85AA521B3B28150000FEEF /* PBXTargetDependency */ = {
			isa = PBXTargetDependency;
			name = THGBridge;
			targetProxy = CA85AA511B3B28150000FEEF /* PBXContainerItemProxy */;
		};
		CA85AA561B3B28150000FEEF /* PBXTargetDependency */ = {
			isa = PBXTargetDependency;
			name = THGFoundation;
			targetProxy = CA85AA551B3B28150000FEEF /* PBXContainerItemProxy */;
		};
/* End PBXTargetDependency section */

/* Begin XCBuildConfiguration section */
		173E4E6C1B00FDAE00ACBCCA /* Debug */ = {
			isa = XCBuildConfiguration;
			buildSettings = {
				ALWAYS_SEARCH_USER_PATHS = NO;
				CLANG_CXX_LANGUAGE_STANDARD = "gnu++0x";
				CLANG_CXX_LIBRARY = "libc++";
				CLANG_ENABLE_MODULES = YES;
				CLANG_ENABLE_OBJC_ARC = YES;
				CLANG_WARN_BOOL_CONVERSION = YES;
				CLANG_WARN_CONSTANT_CONVERSION = YES;
				CLANG_WARN_DIRECT_OBJC_ISA_USAGE = YES_ERROR;
				CLANG_WARN_EMPTY_BODY = YES;
				CLANG_WARN_ENUM_CONVERSION = YES;
				CLANG_WARN_INT_CONVERSION = YES;
				CLANG_WARN_OBJC_ROOT_CLASS = YES_ERROR;
				CLANG_WARN_UNREACHABLE_CODE = YES;
				CLANG_WARN__DUPLICATE_METHOD_MATCH = YES;
				"CODE_SIGN_IDENTITY[sdk=iphoneos*]" = "iPhone Developer";
				COPY_PHASE_STRIP = NO;
				CURRENT_PROJECT_VERSION = 1;
				DEBUG_INFORMATION_FORMAT = "dwarf-with-dsym";
				ENABLE_STRICT_OBJC_MSGSEND = YES;
				GCC_C_LANGUAGE_STANDARD = gnu99;
				GCC_DYNAMIC_NO_PIC = NO;
				GCC_NO_COMMON_BLOCKS = YES;
				GCC_OPTIMIZATION_LEVEL = 0;
				GCC_PREPROCESSOR_DEFINITIONS = (
					"DEBUG=1",
					"$(inherited)",
				);
				GCC_SYMBOLS_PRIVATE_EXTERN = NO;
				GCC_WARN_64_TO_32_BIT_CONVERSION = YES;
				GCC_WARN_ABOUT_RETURN_TYPE = YES_ERROR;
				GCC_WARN_UNDECLARED_SELECTOR = YES;
				GCC_WARN_UNINITIALIZED_AUTOS = YES_AGGRESSIVE;
				GCC_WARN_UNUSED_FUNCTION = YES;
				GCC_WARN_UNUSED_VARIABLE = YES;
				IPHONEOS_DEPLOYMENT_TARGET = 8.3;
				MTL_ENABLE_DEBUG_INFO = YES;
				ONLY_ACTIVE_ARCH = YES;
				SDKROOT = iphoneos;
				SWIFT_OPTIMIZATION_LEVEL = "-Onone";
				TARGETED_DEVICE_FAMILY = "1,2";
				VERSIONING_SYSTEM = "apple-generic";
				VERSION_INFO_PREFIX = "";
			};
			name = Debug;
		};
		173E4E6D1B00FDAE00ACBCCA /* Release */ = {
			isa = XCBuildConfiguration;
			buildSettings = {
				ALWAYS_SEARCH_USER_PATHS = NO;
				CLANG_CXX_LANGUAGE_STANDARD = "gnu++0x";
				CLANG_CXX_LIBRARY = "libc++";
				CLANG_ENABLE_MODULES = YES;
				CLANG_ENABLE_OBJC_ARC = YES;
				CLANG_WARN_BOOL_CONVERSION = YES;
				CLANG_WARN_CONSTANT_CONVERSION = YES;
				CLANG_WARN_DIRECT_OBJC_ISA_USAGE = YES_ERROR;
				CLANG_WARN_EMPTY_BODY = YES;
				CLANG_WARN_ENUM_CONVERSION = YES;
				CLANG_WARN_INT_CONVERSION = YES;
				CLANG_WARN_OBJC_ROOT_CLASS = YES_ERROR;
				CLANG_WARN_UNREACHABLE_CODE = YES;
				CLANG_WARN__DUPLICATE_METHOD_MATCH = YES;
				"CODE_SIGN_IDENTITY[sdk=iphoneos*]" = "iPhone Developer";
				COPY_PHASE_STRIP = NO;
				CURRENT_PROJECT_VERSION = 1;
				DEBUG_INFORMATION_FORMAT = "dwarf-with-dsym";
				ENABLE_NS_ASSERTIONS = NO;
				ENABLE_STRICT_OBJC_MSGSEND = YES;
				GCC_C_LANGUAGE_STANDARD = gnu99;
				GCC_NO_COMMON_BLOCKS = YES;
				GCC_WARN_64_TO_32_BIT_CONVERSION = YES;
				GCC_WARN_ABOUT_RETURN_TYPE = YES_ERROR;
				GCC_WARN_UNDECLARED_SELECTOR = YES;
				GCC_WARN_UNINITIALIZED_AUTOS = YES_AGGRESSIVE;
				GCC_WARN_UNUSED_FUNCTION = YES;
				GCC_WARN_UNUSED_VARIABLE = YES;
				IPHONEOS_DEPLOYMENT_TARGET = 8.3;
				MTL_ENABLE_DEBUG_INFO = NO;
				SDKROOT = iphoneos;
				TARGETED_DEVICE_FAMILY = "1,2";
				VALIDATE_PRODUCT = YES;
				VERSIONING_SYSTEM = "apple-generic";
				VERSION_INFO_PREFIX = "";
			};
			name = Release;
		};
		173E4E6F1B00FDAE00ACBCCA /* Debug */ = {
			isa = XCBuildConfiguration;
			buildSettings = {
				DEFINES_MODULE = YES;
				DYLIB_COMPATIBILITY_VERSION = 1;
				DYLIB_CURRENT_VERSION = 1;
				DYLIB_INSTALL_NAME_BASE = "@rpath";
				INFOPLIST_FILE = THGHybridWeb/Info.plist;
				INSTALL_PATH = "$(LOCAL_LIBRARY_DIR)/Frameworks";
				IPHONEOS_DEPLOYMENT_TARGET = 8.0;
				LD_RUNPATH_SEARCH_PATHS = "$(inherited) @executable_path/Frameworks @loader_path/Frameworks";
				PRODUCT_NAME = "$(TARGET_NAME)";
				SKIP_INSTALL = YES;
			};
			name = Debug;
		};
		173E4E701B00FDAE00ACBCCA /* Release */ = {
			isa = XCBuildConfiguration;
			buildSettings = {
				DEFINES_MODULE = YES;
				DYLIB_COMPATIBILITY_VERSION = 1;
				DYLIB_CURRENT_VERSION = 1;
				DYLIB_INSTALL_NAME_BASE = "@rpath";
				INFOPLIST_FILE = THGHybridWeb/Info.plist;
				INSTALL_PATH = "$(LOCAL_LIBRARY_DIR)/Frameworks";
				IPHONEOS_DEPLOYMENT_TARGET = 8.0;
				LD_RUNPATH_SEARCH_PATHS = "$(inherited) @executable_path/Frameworks @loader_path/Frameworks";
				PRODUCT_NAME = "$(TARGET_NAME)";
				SKIP_INSTALL = YES;
			};
			name = Release;
		};
		173E4E721B00FDAE00ACBCCA /* Debug */ = {
			isa = XCBuildConfiguration;
			buildSettings = {
				EMBEDDED_CONTENT_CONTAINS_SWIFT = NO;
				GCC_PREPROCESSOR_DEFINITIONS = (
					"DEBUG=1",
					"$(inherited)",
				);
				INFOPLIST_FILE = THGHybridWebTests/Info.plist;
				LD_RUNPATH_SEARCH_PATHS = "$(inherited) @executable_path/Frameworks @loader_path/Frameworks";
				PRODUCT_NAME = "$(TARGET_NAME)";
			};
			name = Debug;
		};
		173E4E731B00FDAE00ACBCCA /* Release */ = {
			isa = XCBuildConfiguration;
			buildSettings = {
				EMBEDDED_CONTENT_CONTAINS_SWIFT = NO;
				INFOPLIST_FILE = THGHybridWebTests/Info.plist;
				LD_RUNPATH_SEARCH_PATHS = "$(inherited) @executable_path/Frameworks @loader_path/Frameworks";
				PRODUCT_NAME = "$(TARGET_NAME)";
			};
			name = Release;
		};
/* End XCBuildConfiguration section */

/* Begin XCConfigurationList section */
		173E4E521B00FDAD00ACBCCA /* Build configuration list for PBXProject "THGHybridWeb" */ = {
			isa = XCConfigurationList;
			buildConfigurations = (
				173E4E6C1B00FDAE00ACBCCA /* Debug */,
				173E4E6D1B00FDAE00ACBCCA /* Release */,
			);
			defaultConfigurationIsVisible = 0;
			defaultConfigurationName = Release;
		};
		173E4E6E1B00FDAE00ACBCCA /* Build configuration list for PBXNativeTarget "THGHybridWeb" */ = {
			isa = XCConfigurationList;
			buildConfigurations = (
				173E4E6F1B00FDAE00ACBCCA /* Debug */,
				173E4E701B00FDAE00ACBCCA /* Release */,
			);
			defaultConfigurationIsVisible = 0;
			defaultConfigurationName = Release;
		};
		173E4E711B00FDAE00ACBCCA /* Build configuration list for PBXNativeTarget "THGHybridWebTests" */ = {
			isa = XCConfigurationList;
			buildConfigurations = (
				173E4E721B00FDAE00ACBCCA /* Debug */,
				173E4E731B00FDAE00ACBCCA /* Release */,
			);
			defaultConfigurationIsVisible = 0;
			defaultConfigurationName = Release;
		};
/* End XCConfigurationList section */
	};
	rootObject = 173E4E4F1B00FDAD00ACBCCA /* Project object */;
}
